
Microsoft Visual Studio Solution File, Format Version 12.00
# Visual Studio Version 17
VisualStudioVersion = 17.2.32630.192
MinimumVisualStudioVersion = 10.0.40219.1
Project("{FAE04EC0-301F-11D3-BF4B-00C04F79EFBC}") = "Lan Address - Port Scanner", "Lan Address - Port Scanner\Lan Address - Port Scanner.csproj", "{2851C4B1-9EE7-4DC5-B6F9-0D0B45F6D884}"
EndProject
Global
	GlobalSection(SolutionConfigurationPlatforms) = preSolution
		Debug|Any CPU = Debug|Any CPU
		Release|Any CPU = Release|Any CPU
	EndGlobalSection
	GlobalSection(ProjectConfigurationPlatforms) = postSolution
		{2851C4B1-9EE7-4DC5-B6F9-0D0B45F6D884}.Debug|Any CPU.ActiveCfg = Debug|Any CPU
		{2851C4B1-9EE7-4DC5-B6F9-0D0B45F6D884}.Debug|Any CPU.Build.0 = Debug|Any CPU
		{2851C4B1-9EE7-4DC5-B6F9-0D0B45F6D884}.Release|Any CPU.ActiveCfg = Release|Any CPU
		{2851C4B1-9EE7-4DC5-B6F9-0D0B45F6D884}.Release|Any CPU.Build.0 = Release|Any CPU
	EndGlobalSection
	GlobalSection(SolutionProperties) = preSolution
		HideSolutionNode = FALSE
	EndGlobalSection
	GlobalSection(ExtensibilityGlobals) = postSolution
		SolutionGuid = {47EA1A81-EFC9-42E3-8907-6212352AFD41}
	EndGlobalSection
EndGlobal
